
Microsoft Visual Studio Solution File, Format Version 12.00
# Visual Studio Version 17
VisualStudioVersion = 17.7.34221.43
MinimumVisualStudioVersion = 10.0.40219.1
Project("{FAE04EC0-301F-11D3-BF4B-00C04F79EFBC}") = "prct4", "prct4\prct4.csproj", "{1714BCD0-B98A-4449-8BF1-D0186595B214}"
EndProject
Global
	GlobalSection(SolutionConfigurationPlatforms) = preSolution
		Debug|Any CPU = Debug|Any CPU
		Release|Any CPU = Release|Any CPU
	EndGlobalSection
	GlobalSection(ProjectConfigurationPlatforms) = postSolution
		{1714BCD0-B98A-4449-8BF1-D0186595B214}.Debug|Any CPU.ActiveCfg = Debug|Any CPU
		{1714BCD0-B98A-4449-8BF1-D0186595B214}.Debug|Any CPU.Build.0 = Debug|Any CPU
		{1714BCD0-B98A-4449-8BF1-D0186595B214}.Release|Any CPU.ActiveCfg = Release|Any CPU
		{1714BCD0-B98A-4449-8BF1-D0186595B214}.Release|Any CPU.Build.0 = Release|Any CPU
	EndGlobalSection
	GlobalSection(SolutionProperties) = preSolution
		HideSolutionNode = FALSE
	EndGlobalSection
	GlobalSection(ExtensibilityGlobals) = postSolution
		SolutionGuid = {FF78E2AF-540C-49A5-84B5-6D5709A29C09}
	EndGlobalSection
EndGlobal
